
Microsoft Visual Studio Solution File, Format Version 12.00
# Visual Studio 15
VisualStudioVersion = 15.0.27428.2011
MinimumVisualStudioVersion = 10.0.40219.1
Project("{FAE04EC0-301F-11D3-BF4B-00C04F79EFBC}") = "JustynaKozbaLab4Zad1", "JustynaKozbaLab4Zad1\JustynaKozbaLab4Zad1.csproj", "{D6EF3E44-7114-40CE-83CD-9EA289F34125}"
EndProject
Global
	GlobalSection(SolutionConfigurationPlatforms) = preSolution
		Debug|Any CPU = Debug|Any CPU
		Release|Any CPU = Release|Any CPU
	EndGlobalSection
	GlobalSection(ProjectConfigurationPlatforms) = postSolution
		{D6EF3E44-7114-40CE-83CD-9EA289F34125}.Debug|Any CPU.ActiveCfg = Debug|Any CPU
		{D6EF3E44-7114-40CE-83CD-9EA289F34125}.Debug|Any CPU.Build.0 = Debug|Any CPU
		{D6EF3E44-7114-40CE-83CD-9EA289F34125}.Release|Any CPU.ActiveCfg = Release|Any CPU
		{D6EF3E44-7114-40CE-83CD-9EA289F34125}.Release|Any CPU.Build.0 = Release|Any CPU
	EndGlobalSection
	GlobalSection(SolutionProperties) = preSolution
		HideSolutionNode = FALSE
	EndGlobalSection
	GlobalSection(ExtensibilityGlobals) = postSolution
		SolutionGuid = {86AE1D69-0CBE-4EEB-B4A1-740605A29040}
	EndGlobalSection
EndGlobal
