
Microsoft Visual Studio Solution File, Format Version 12.00
# Visual Studio 15
VisualStudioVersion = 15.0.27428.2011
MinimumVisualStudioVersion = 10.0.40219.1
Project("{FAE04EC0-301F-11D3-BF4B-00C04F79EFBC}") = "JustynaKozbaEgzaminB1", "JustynaKozbaEgzaminB1\JustynaKozbaEgzaminB1.csproj", "{E51AFA05-B053-47FF-9DB3-D10F662C7C36}"
EndProject
Global
	GlobalSection(SolutionConfigurationPlatforms) = preSolution
		Debug|Any CPU = Debug|Any CPU
		Release|Any CPU = Release|Any CPU
	EndGlobalSection
	GlobalSection(ProjectConfigurationPlatforms) = postSolution
		{E51AFA05-B053-47FF-9DB3-D10F662C7C36}.Debug|Any CPU.ActiveCfg = Debug|Any CPU
		{E51AFA05-B053-47FF-9DB3-D10F662C7C36}.Debug|Any CPU.Build.0 = Debug|Any CPU
		{E51AFA05-B053-47FF-9DB3-D10F662C7C36}.Release|Any CPU.ActiveCfg = Release|Any CPU
		{E51AFA05-B053-47FF-9DB3-D10F662C7C36}.Release|Any CPU.Build.0 = Release|Any CPU
	EndGlobalSection
	GlobalSection(SolutionProperties) = preSolution
		HideSolutionNode = FALSE
	EndGlobalSection
	GlobalSection(ExtensibilityGlobals) = postSolution
		SolutionGuid = {7572AFC2-B4D6-4AE3-AF93-9650F3A6C478}
	EndGlobalSection
EndGlobal
