
Microsoft Visual Studio Solution File, Format Version 12.00
# Visual Studio 15
VisualStudioVersion = 15.0.27428.2011
MinimumVisualStudioVersion = 10.0.40219.1
Project("{FAE04EC0-301F-11D3-BF4B-00C04F79EFBC}") = "JustynaKozbaLab1", "JustynaKozbaLab1\JustynaKozbaLab1.csproj", "{701DDB36-7815-46EC-974C-C1DECC82C2B7}"
EndProject
Global
	GlobalSection(SolutionConfigurationPlatforms) = preSolution
		Debug|Any CPU = Debug|Any CPU
		Release|Any CPU = Release|Any CPU
	EndGlobalSection
	GlobalSection(ProjectConfigurationPlatforms) = postSolution
		{701DDB36-7815-46EC-974C-C1DECC82C2B7}.Debug|Any CPU.ActiveCfg = Debug|Any CPU
		{701DDB36-7815-46EC-974C-C1DECC82C2B7}.Debug|Any CPU.Build.0 = Debug|Any CPU
		{701DDB36-7815-46EC-974C-C1DECC82C2B7}.Release|Any CPU.ActiveCfg = Release|Any CPU
		{701DDB36-7815-46EC-974C-C1DECC82C2B7}.Release|Any CPU.Build.0 = Release|Any CPU
	EndGlobalSection
	GlobalSection(SolutionProperties) = preSolution
		HideSolutionNode = FALSE
	EndGlobalSection
	GlobalSection(ExtensibilityGlobals) = postSolution
		SolutionGuid = {1FDAE655-1EE2-457D-B960-003731C83F47}
	EndGlobalSection
EndGlobal
